
Microsoft Visual Studio Solution File, Format Version 12.00
# Visual Studio Version 16
VisualStudioVersion = 16.0.31205.134
MinimumVisualStudioVersion = 10.0.40219.1
Project("{9A19103F-16F7-4668-BE54-9A1E7A4F7556}") = "Calculator.API", "Calculator.API\Calculator.API.csproj", "{ED54CC6B-23C8-460A-8C9C-206B527CA5A1}"
EndProject
Project("{9A19103F-16F7-4668-BE54-9A1E7A4F7556}") = "Calculator.Domain", "Calculator.Domain\Calculator.Domain.csproj", "{F27B0958-BB49-4E12-AB17-9DADA3090975}"
EndProject
Project("{9A19103F-16F7-4668-BE54-9A1E7A4F7556}") = "Calculator.Tests", "Calculator.Tests\Calculator.Tests.csproj", "{22E077B9-26F8-4399-A7A0-4DCDCFEFD39D}"
EndProject
Project("{FAE04EC0-301F-11D3-BF4B-00C04F79EFBC}") = "Calculator.Desktop", "Calculator.Desktop\Calculator.Desktop.csproj", "{726596A0-B279-4F82-8778-5CE47C109169}"
EndProject
Global
	GlobalSection(SolutionConfigurationPlatforms) = preSolution
		Debug|Any CPU = Debug|Any CPU
		Release|Any CPU = Release|Any CPU
	EndGlobalSection
	GlobalSection(ProjectConfigurationPlatforms) = postSolution
		{ED54CC6B-23C8-460A-8C9C-206B527CA5A1}.Debug|Any CPU.ActiveCfg = Debug|Any CPU
		{ED54CC6B-23C8-460A-8C9C-206B527CA5A1}.Debug|Any CPU.Build.0 = Debug|Any CPU
		{ED54CC6B-23C8-460A-8C9C-206B527CA5A1}.Release|Any CPU.ActiveCfg = Release|Any CPU
		{ED54CC6B-23C8-460A-8C9C-206B527CA5A1}.Release|Any CPU.Build.0 = Release|Any CPU
		{F27B0958-BB49-4E12-AB17-9DADA3090975}.Debug|Any CPU.ActiveCfg = Debug|Any CPU
		{F27B0958-BB49-4E12-AB17-9DADA3090975}.Debug|Any CPU.Build.0 = Debug|Any CPU
		{F27B0958-BB49-4E12-AB17-9DADA3090975}.Release|Any CPU.ActiveCfg = Release|Any CPU
		{F27B0958-BB49-4E12-AB17-9DADA3090975}.Release|Any CPU.Build.0 = Release|Any CPU
		{22E077B9-26F8-4399-A7A0-4DCDCFEFD39D}.Debug|Any CPU.ActiveCfg = Debug|Any CPU
		{22E077B9-26F8-4399-A7A0-4DCDCFEFD39D}.Debug|Any CPU.Build.0 = Debug|Any CPU
		{22E077B9-26F8-4399-A7A0-4DCDCFEFD39D}.Release|Any CPU.ActiveCfg = Release|Any CPU
		{22E077B9-26F8-4399-A7A0-4DCDCFEFD39D}.Release|Any CPU.Build.0 = Release|Any CPU
		{726596A0-B279-4F82-8778-5CE47C109169}.Debug|Any CPU.ActiveCfg = Debug|Any CPU
		{726596A0-B279-4F82-8778-5CE47C109169}.Debug|Any CPU.Build.0 = Debug|Any CPU
		{726596A0-B279-4F82-8778-5CE47C109169}.Release|Any CPU.ActiveCfg = Release|Any CPU
		{726596A0-B279-4F82-8778-5CE47C109169}.Release|Any CPU.Build.0 = Release|Any CPU
	EndGlobalSection
	GlobalSection(SolutionProperties) = preSolution
		HideSolutionNode = FALSE
	EndGlobalSection
	GlobalSection(ExtensibilityGlobals) = postSolution
		SolutionGuid = {14385772-F1C4-4FAB-83E5-54DD860D6D32}
	EndGlobalSection
EndGlobal
